// !$*UTF8*$!
{
	archiveVersion = 1;
	classes = {
	};
	objectVersion = 56;
	objects = {

/* Begin PBXBuildFile section */
		40AE9DCA2AB17962002A55FC /* AppDelegate.swift in Sources */ = {isa = PBXBuildFile; fileRef = 40AE9DC92AB17962002A55FC /* AppDelegate.swift */; };
		40AE9DCC2AB17962002A55FC /* SceneDelegate.swift in Sources */ = {isa = PBXBuildFile; fileRef = 40AE9DCB2AB17962002A55FC /* SceneDelegate.swift */; };
		40AE9DCE2AB17962002A55FC /* ViewController.swift in Sources */ = {isa = PBXBuildFile; fileRef = 40AE9DCD2AB17962002A55FC /* ViewController.swift */; };
		40AE9DD12AB17962002A55FC /* Main.storyboard in Resources */ = {isa = PBXBuildFile; fileRef = 40AE9DCF2AB17962002A55FC /* Main.storyboard */; };
		40AE9DD32AB17964002A55FC /* Assets.xcassets in Resources */ = {isa = PBXBuildFile; fileRef = 40AE9DD22AB17964002A55FC /* Assets.xcassets */; };
		40AE9DD62AB17964002A55FC /* LaunchScreen.storyboard in Resources */ = {isa = PBXBuildFile; fileRef = 40AE9DD42AB17964002A55FC /* LaunchScreen.storyboard */; };
		40AE9DDE2AB17D47002A55FC /* pr-offer-quest.css in Resources */ = {isa = PBXBuildFile; fileRef = 40AE9DDD2AB17D47002A55FC /* pr-offer-quest.css */; };
		40AE9DE22AB17E3E002A55FC /* TestData.swift in Sources */ = {isa = PBXBuildFile; fileRef = 40AE9DE12AB17E3E002A55FC /* TestData.swift */; };
		40AE9DE42AB17F4A002A55FC /* pr-offer-quest.html in Resources */ = {isa = PBXBuildFile; fileRef = 40AE9DE32AB17F4A002A55FC /* pr-offer-quest.html */; };
/* End PBXBuildFile section */

/* Begin PBXFileReference section */
		40AE9DC62AB17962002A55FC /* WebViewCSS.app */ = {isa = PBXFileReference; explicitFileType = wrapper.application; includeInIndex = 0; path = WebViewCSS.app; sourceTree = BUILT_PRODUCTS_DIR; };
		40AE9DC92AB17962002A55FC /* AppDelegate.swift */ = {isa = PBXFileReference; lastKnownFileType = sourcecode.swift; path = AppDelegate.swift; sourceTree = "<group>"; };
		40AE9DCB2AB17962002A55FC /* SceneDelegate.swift */ = {isa = PBXFileReference; lastKnownFileType = sourcecode.swift; path = SceneDelegate.swift; sourceTree = "<group>"; };
		40AE9DCD2AB17962002A55FC /* ViewController.swift */ = {isa = PBXFileReference; lastKnownFileType = sourcecode.swift; path = ViewController.swift; sourceTree = "<group>"; };
		40AE9DD02AB17962002A55FC /* Base */ = {isa = PBXFileReference; lastKnownFileType = file.storyboard; name = Base; path = Base.lproj/Main.storyboard; sourceTree = "<group>"; };
		40AE9DD22AB17964002A55FC /* Assets.xcassets */ = {isa = PBXFileReference; lastKnownFileType = folder.assetcatalog; path = Assets.xcassets; sourceTree = "<group>"; };
		40AE9DD52AB17964002A55FC /* Base */ = {isa = PBXFileReference; lastKnownFileType = file.storyboard; name = Base; path = Base.lproj/LaunchScreen.storyboard; sourceTree = "<group>"; };
		40AE9DD72AB17964002A55FC /* Info.plist */ = {isa = PBXFileReference; lastKnownFileType = text.plist.xml; path = Info.plist; sourceTree = "<group>"; };
		40AE9DDD2AB17D47002A55FC /* pr-offer-quest.css */ = {isa = PBXFileReference; fileEncoding = 4; lastKnownFileType = text.css; path = "pr-offer-quest.css"; sourceTree = "<group>"; };
		40AE9DE12AB17E3E002A55FC /* TestData.swift */ = {isa = PBXFileReference; lastKnownFileType = sourcecode.swift; path = TestData.swift; sourceTree = "<group>"; };
		40AE9DE32AB17F4A002A55FC /* pr-offer-quest.html */ = {isa = PBXFileReference; lastKnownFileType = text.html; path = "pr-offer-quest.html"; sourceTree = "<group>"; };
/* End PBXFileReference section */

/* Begin PBXFrameworksBuildPhase section */
		40AE9DC32AB17962002A55FC /* Frameworks */ = {
			isa = PBXFrameworksBuildPhase;
			buildActionMask = 2147483647;
			files = (
			);
			runOnlyForDeploymentPostprocessing = 0;
		};
/* End PBXFrameworksBuildPhase section */

/* Begin PBXGroup section */
		40AE9DBD2AB17962002A55FC = {
			isa = PBXGroup;
			children = (
				40AE9DC82AB17962002A55FC /* WebViewCSS */,
				40AE9DC72AB17962002A55FC /* Products */,
			);
			sourceTree = "<group>";
		};
		40AE9DC72AB17962002A55FC /* Products */ = {
			isa = PBXGroup;
			children = (
				40AE9DC62AB17962002A55FC /* WebViewCSS.app */,
			);
			name = Products;
			sourceTree = "<group>";
		};
		40AE9DC82AB17962002A55FC /* WebViewCSS */ = {
			isa = PBXGroup;
			children = (
				40AE9DDD2AB17D47002A55FC /* pr-offer-quest.css */,
				40AE9DE32AB17F4A002A55FC /* pr-offer-quest.html */,
				40AE9DC92AB17962002A55FC /* AppDelegate.swift */,
				40AE9DCB2AB17962002A55FC /* SceneDelegate.swift */,
				40AE9DCD2AB17962002A55FC /* ViewController.swift */,
				40AE9DE12AB17E3E002A55FC /* TestData.swift */,
				40AE9DCF2AB17962002A55FC /* Main.storyboard */,
				40AE9DD22AB17964002A55FC /* Assets.xcassets */,
				40AE9DD42AB17964002A55FC /* LaunchScreen.storyboard */,
				40AE9DD72AB17964002A55FC /* Info.plist */,
			);
			path = WebViewCSS;
			sourceTree = "<group>";
		};
/* End PBXGroup section */

/* Begin PBXNativeTarget section */
		40AE9DC52AB17962002A55FC /* WebViewCSS */ = {
			isa = PBXNativeTarget;
			buildConfigurationList = 40AE9DDA2AB17964002A55FC /* Build configuration list for PBXNativeTarget "WebViewCSS" */;
			buildPhases = (
				40AE9DC22AB17962002A55FC /* Sources */,
				40AE9DC32AB17962002A55FC /* Frameworks */,
				40AE9DC42AB17962002A55FC /* Resources */,
			);
			buildRules = (
			);
			dependencies = (
			);
			name = WebViewCSS;
			productName = WebViewCSS;
			productReference = 40AE9DC62AB17962002A55FC /* WebViewCSS.app */;
			productType = "com.apple.product-type.application";
		};
/* End PBXNativeTarget section */

/* Begin PBXProject section */
		40AE9DBE2AB17962002A55FC /* Project object */ = {
			isa = PBXProject;
			attributes = {
				BuildIndependentTargetsInParallel = 1;
				LastSwiftUpdateCheck = 1430;
				LastUpgradeCheck = 1430;
				TargetAttributes = {
					40AE9DC52AB17962002A55FC = {
						CreatedOnToolsVersion = 14.3.1;
					};
				};
			};
			buildConfigurationList = 40AE9DC12AB17962002A55FC /* Build configuration list for PBXProject "WebViewCSS" */;
			compatibilityVersion = "Xcode 14.0";
			developmentRegion = en;
			hasScannedForEncodings = 0;
			knownRegions = (
				en,
				Base,
			);
			mainGroup = 40AE9DBD2AB17962002A55FC;
			productRefGroup = 40AE9DC72AB17962002A55FC /* Products */;
			projectDirPath = "";
			projectRoot = "";
			targets = (
				40AE9DC52AB17962002A55FC /* WebViewCSS */,
			);
		};
/* End PBXProject section */

/* Begin PBXResourcesBuildPhase section */
		40AE9DC42AB17962002A55FC /* Resources */ = {
			isa = PBXResourcesBuildPhase;
			buildActionMask = 2147483647;
			files = (
				40AE9DD62AB17964002A55FC /* LaunchScreen.storyboard in Resources */,
				40AE9DE42AB17F4A002A55FC /* pr-offer-quest.html in Resources */,
				40AE9DDE2AB17D47002A55FC /* pr-offer-quest.css in Resources */,
				40AE9DD32AB17964002A55FC /* Assets.xcassets in Resources */,
				40AE9DD12AB17962002A55FC /* Main.storyboard in Resources */,
			);
			runOnlyForDeploymentPostprocessing = 0;
		};
/* End PBXResourcesBuildPhase section */

/* Begin PBXSourcesBuildPhase section */
		40AE9DC22AB17962002A55FC /* Sources */ = {
			isa = PBXSourcesBuildPhase;
			buildActionMask = 2147483647;
			files = (
				40AE9DCE2AB17962002A55FC /* ViewController.swift in Sources */,
				40AE9DCA2AB17962002A55FC /* AppDelegate.swift in Sources */,
				40AE9DCC2AB17962002A55FC /* SceneDelegate.swift in Sources */,
				40AE9DE22AB17E3E002A55FC /* TestData.swift in Sources */,
			);
			runOnlyForDeploymentPostprocessing = 0;
		};
/* End PBXSourcesBuildPhase section */

/* Begin PBXVariantGroup section */
		40AE9DCF2AB17962002A55FC /* Main.storyboard */ = {
			isa = PBXVariantGroup;
			children = (
				40AE9DD02AB17962002A55FC /* Base */,
			);
			name = Main.storyboard;
			sourceTree = "<group>";
		};
		40AE9DD42AB17964002A55FC /* LaunchScreen.storyboard */ = {
			isa = PBXVariantGroup;
			children = (
				40AE9DD52AB17964002A55FC /* Base */,
			);
			name = LaunchScreen.storyboard;
			sourceTree = "<group>";
		};
/* End PBXVariantGroup section */

/* Begin XCBuildConfiguration section */
		40AE9DD82AB17964002A55FC /* Debug */ = {
			isa = XCBuildConfiguration;
			buildSettings = {
				ALWAYS_SEARCH_USER_PATHS = NO;
				CLANG_ANALYZER_NONNULL = YES;
				CLANG_ANALYZER_NUMBER_OBJECT_CONVERSION = YES_AGGRESSIVE;
				CLANG_CXX_LANGUAGE_STANDARD = "gnu++20";
				CLANG_ENABLE_MODULES = YES;
				CLANG_ENABLE_OBJC_ARC = YES;
				CLANG_ENABLE_OBJC_WEAK = YES;
				CLANG_WARN_BLOCK_CAPTURE_AUTORELEASING = YES;
				CLANG_WARN_BOOL_CONVERSION = YES;
				CLANG_WARN_COMMA = YES;
				CLANG_WARN_CONSTANT_CONVERSION = YES;
				CLANG_WARN_DEPRECATED_OBJC_IMPLEMENTATIONS = YES;
				CLANG_WARN_DIRECT_OBJC_ISA_USAGE = YES_ERROR;
				CLANG_WARN_DOCUMENTATION_COMMENTS = YES;
				CLANG_WARN_EMPTY_BODY = YES;
				CLANG_WARN_ENUM_CONVERSION = YES;
				CLANG_WARN_INFINITE_RECURSION = YES;
				CLANG_WARN_INT_CONVERSION = YES;
				CLANG_WARN_NON_LITERAL_NULL_CONVERSION = YES;
				CLANG_WARN_OBJC_IMPLICIT_RETAIN_SELF = YES;
				CLANG_WARN_OBJC_LITERAL_CONVERSION = YES;
				CLANG_WARN_OBJC_ROOT_CLASS = YES_ERROR;
				CLANG_WARN_QUOTED_INCLUDE_IN_FRAMEWORK_HEADER = YES;
				CLANG_WARN_RANGE_LOOP_ANALYSIS = YES;
				CLANG_WARN_STRICT_PROTOTYPES = YES;
				CLANG_WARN_SUSPICIOUS_MOVE = YES;
				CLANG_WARN_UNGUARDED_AVAILABILITY = YES_AGGRESSIVE;
				CLANG_WARN_UNREACHABLE_CODE = YES;
				CLANG_WARN__DUPLICATE_METHOD_MATCH = YES;
				COPY_PHASE_STRIP = NO;
				DEBUG_INFORMATION_FORMAT = dwarf;
				ENABLE_STRICT_OBJC_MSGSEND = YES;
				ENABLE_TESTABILITY = YES;
				GCC_C_LANGUAGE_STANDARD = gnu11;
				GCC_DYNAMIC_NO_PIC = NO;
				GCC_NO_COMMON_BLOCKS = YES;
				GCC_OPTIMIZATION_LEVEL = 0;
				GCC_PREPROCESSOR_DEFINITIONS = (
					"DEBUG=1",
					"$(inherited)",
				);
				GCC_WARN_64_TO_32_BIT_CONVERSION = YES;
				GCC_WARN_ABOUT_RETURN_TYPE = YES_ERROR;
				GCC_WARN_UNDECLARED_SELECTOR = YES;
				GCC_WARN_UNINITIALIZED_AUTOS = YES_AGGRESSIVE;
				GCC_WARN_UNUSED_FUNCTION = YES;
				GCC_WARN_UNUSED_VARIABLE = YES;
				IPHONEOS_DEPLOYMENT_TARGET = 16.4;
				MTL_ENABLE_DEBUG_INFO = INCLUDE_SOURCE;
				MTL_FAST_MATH = YES;
				ONLY_ACTIVE_ARCH = YES;
				SDKROOT = iphoneos;
				SWIFT_ACTIVE_COMPILATION_CONDITIONS = DEBUG;
				SWIFT_OPTIMIZATION_LEVEL = "-Onone";
			};
			name = Debug;
		};
		40AE9DD92AB17964002A55FC /* Release */ = {
			isa = XCBuildConfiguration;
			buildSettings = {
				ALWAYS_SEARCH_USER_PATHS = NO;
				CLANG_ANALYZER_NONNULL = YES;
				CLANG_ANALYZER_NUMBER_OBJECT_CONVERSION = YES_AGGRESSIVE;
				CLANG_CXX_LANGUAGE_STANDARD = "gnu++20";
				CLANG_ENABLE_MODULES = YES;
				CLANG_ENABLE_OBJC_ARC = YES;
				CLANG_ENABLE_OBJC_WEAK = YES;
				CLANG_WARN_BLOCK_CAPTURE_AUTORELEASING = YES;
				CLANG_WARN_BOOL_CONVERSION = YES;
				CLANG_WARN_COMMA = YES;
				CLANG_WARN_CONSTANT_CONVERSION = YES;
				CLANG_WARN_DEPRECATED_OBJC_IMPLEMENTATIONS = YES;
				CLANG_WARN_DIRECT_OBJC_ISA_USAGE = YES_ERROR;
				CLANG_WARN_DOCUMENTATION_COMMENTS = YES;
				CLANG_WARN_EMPTY_BODY = YES;
				CLANG_WARN_ENUM_CONVERSION = YES;
				CLANG_WARN_INFINITE_RECURSION = YES;
				CLANG_WARN_INT_CONVERSION = YES;
				CLANG_WARN_NON_LITERAL_NULL_CONVERSION = YES;
				CLANG_WARN_OBJC_IMPLICIT_RETAIN_SELF = YES;
				CLANG_WARN_OBJC_LITERAL_CONVERSION = YES;
				CLANG_WARN_OBJC_ROOT_CLASS = YES_ERROR;
				CLANG_WARN_QUOTED_INCLUDE_IN_FRAMEWORK_HEADER = YES;
				CLANG_WARN_RANGE_LOOP_ANALYSIS = YES;
				CLANG_WARN_STRICT_PROTOTYPES = YES;
				CLANG_WARN_SUSPICIOUS_MOVE = YES;
				CLANG_WARN_UNGUARDED_AVAILABILITY = YES_AGGRESSIVE;
				CLANG_WARN_UNREACHABLE_CODE = YES;
				CLANG_WARN__DUPLICATE_METHOD_MATCH = YES;
				COPY_PHASE_STRIP = NO;
				DEBUG_INFORMATION_FORMAT = "dwarf-with-dsym";
				ENABLE_NS_ASSERTIONS = NO;
				ENABLE_STRICT_OBJC_MSGSEND = YES;
				GCC_C_LANGUAGE_STANDARD = gnu11;
				GCC_NO_COMMON_BLOCKS = YES;
				GCC_WARN_64_TO_32_BIT_CONVERSION = YES;
				GCC_WARN_ABOUT_RETURN_TYPE = YES_ERROR;
				GCC_WARN_UNDECLARED_SELECTOR = YES;
				GCC_WARN_UNINITIALIZED_AUTOS = YES_AGGRESSIVE;
				GCC_WARN_UNUSED_FUNCTION = YES;
				GCC_WARN_UNUSED_VARIABLE = YES;
				IPHONEOS_DEPLOYMENT_TARGET = 16.4;
				MTL_ENABLE_DEBUG_INFO = NO;
				MTL_FAST_MATH = YES;
				SDKROOT = iphoneos;
				SWIFT_COMPILATION_MODE = wholemodule;
				SWIFT_OPTIMIZATION_LEVEL = "-O";
				VALIDATE_PRODUCT = YES;
			};
			name = Release;
		};
		40AE9DDB2AB17964002A55FC /* Debug */ = {
			isa = XCBuildConfiguration;
			buildSettings = {
				ASSETCATALOG_COMPILER_APPICON_NAME = AppIcon;
				ASSETCATALOG_COMPILER_GLOBAL_ACCENT_COLOR_NAME = AccentColor;
				CODE_SIGN_STYLE = Automatic;
				CURRENT_PROJECT_VERSION = 1;
				GENERATE_INFOPLIST_FILE = YES;
				INFOPLIST_FILE = WebViewCSS/Info.plist;
				INFOPLIST_KEY_UIApplicationSupportsIndirectInputEvents = YES;
				INFOPLIST_KEY_UILaunchStoryboardName = LaunchScreen;
				INFOPLIST_KEY_UIMainStoryboardFile = Main;
				INFOPLIST_KEY_UISupportedInterfaceOrientations_iPad = "UIInterfaceOrientationPortrait UIInterfaceOrientationPortraitUpsideDown UIInterfaceOrientationLandscapeLeft UIInterfaceOrientationLandscapeRight";
				INFOPLIST_KEY_UISupportedInterfaceOrientations_iPhone = "UIInterfaceOrientationPortrait UIInterfaceOrientationLandscapeLeft UIInterfaceOrientationLandscapeRight";
				LD_RUNPATH_SEARCH_PATHS = (
					"$(inherited)",
					"@executable_path/Frameworks",
				);
				MARKETING_VERSION = 1.0;
				PRODUCT_BUNDLE_IDENTIFIER = jp.co.altonotes.WebViewCSS;
				PRODUCT_NAME = "$(TARGET_NAME)";
				SWIFT_EMIT_LOC_STRINGS = YES;
				SWIFT_VERSION = 5.0;
				TARGETED_DEVICE_FAMILY = "1,2";
			};
			name = Debug;
		};
		40AE9DDC2AB17964002A55FC /* Release */ = {
			isa = XCBuildConfiguration;
			buildSettings = {
				ASSETCATALOG_COMPILER_APPICON_NAME = AppIcon;
				ASSETCATALOG_COMPILER_GLOBAL_ACCENT_COLOR_NAME = AccentColor;
				CODE_SIGN_STYLE = Automatic;
				CURRENT_PROJECT_VERSION = 1;
				GENERATE_INFOPLIST_FILE = YES;
				INFOPLIST_FILE = WebViewCSS/Info.plist;
				INFOPLIST_KEY_UIApplicationSupportsIndirectInputEvents = YES;
				INFOPLIST_KEY_UILaunchStoryboardName = LaunchScreen;
				INFOPLIST_KEY_UIMainStoryboardFile = Main;
				INFOPLIST_KEY_UISupportedInterfaceOrientations_iPad = "UIInterfaceOrientationPortrait UIInterfaceOrientationPortraitUpsideDown UIInterfaceOrientationLandscapeLeft UIInterfaceOrientationLandscapeRight";
				INFOPLIST_KEY_UISupportedInterfaceOrientations_iPhone = "UIInterfaceOrientationPortrait UIInterfaceOrientationLandscapeLeft UIInterfaceOrientationLandscapeRight";
				LD_RUNPATH_SEARCH_PATHS = (
					"$(inherited)",
					"@executable_path/Frameworks",
				);
				MARKETING_VERSION = 1.0;
				PRODUCT_BUNDLE_IDENTIFIER = jp.co.altonotes.WebViewCSS;
				PRODUCT_NAME = "$(TARGET_NAME)";
				SWIFT_EMIT_LOC_STRINGS = YES;
				SWIFT_VERSION = 5.0;
				TARGETED_DEVICE_FAMILY = "1,2";
			};
			name = Release;
		};
/* End XCBuildConfiguration section */

/* Begin XCConfigurationList section */
		40AE9DC12AB17962002A55FC /* Build configuration list for PBXProject "WebViewCSS" */ = {
			isa = XCConfigurationList;
			buildConfigurations = (
				40AE9DD82AB17964002A55FC /* Debug */,
				40AE9DD92AB17964002A55FC /* Release */,
			);
			defaultConfigurationIsVisible = 0;
			defaultConfigurationName = Release;
		};
		40AE9DDA2AB17964002A55FC /* Build configuration list for PBXNativeTarget "WebViewCSS" */ = {
			isa = XCConfigurationList;
			buildConfigurations = (
				40AE9DDB2AB17964002A55FC /* Debug */,
				40AE9DDC2AB17964002A55FC /* Release */,
			);
			defaultConfigurationIsVisible = 0;
			defaultConfigurationName = Release;
		};
/* End XCConfigurationList section */
	};
	rootObject = 40AE9DBE2AB17962002A55FC /* Project object */;
}
